
Microsoft Visual Studio Solution File, Format Version 12.00
# Visual Studio Version 17
VisualStudioVersion = 17.10.35122.118
MinimumVisualStudioVersion = 10.0.40219.1
Project("{2150E333-8FDC-42A3-9474-1A3956D46DE8}") = "1 - Application", "1 - Application", "{8013C645-1F9E-43EC-8F53-3477BCB95B02}"
EndProject
Project("{2150E333-8FDC-42A3-9474-1A3956D46DE8}") = "2 - Service", "2 - Service", "{A1AEEE94-F672-44F4-8F58-E820A0805D50}"
EndProject
Project("{2150E333-8FDC-42A3-9474-1A3956D46DE8}") = "3 - Infra", "3 - Infra", "{FB8B8703-2A46-4136-9D05-68A31FEA04DC}"
EndProject
Project("{2150E333-8FDC-42A3-9474-1A3956D46DE8}") = "5 - Domain", "5 - Domain", "{78D78376-D9F7-4137-B032-0AD28E2F7283}"
EndProject
Project("{2150E333-8FDC-42A3-9474-1A3956D46DE8}") = "4 - Messaging", "4 - Messaging", "{986D4289-1EAF-4F5F-802A-252698E20723}"
EndProject
Project("{FAE04EC0-301F-11D3-BF4B-00C04F79EFBC}") = "Poc.NotifyMicro.API", "Poc.NotifyMicro.API\Poc.NotifyMicro.API.csproj", "{00CC8386-72F3-4ECC-9F01-6C6CA3E3A798}"
EndProject
Project("{FAE04EC0-301F-11D3-BF4B-00C04F79EFBC}") = "Poc.NotifyMicro.Adapter", "Poc.NotifyMicro.Adapter\Poc.NotifyMicro.Adapter.csproj", "{594455E9-037C-4E95-8BBD-5FC76097899E}"
EndProject
Project("{FAE04EC0-301F-11D3-BF4B-00C04F79EFBC}") = "Poc.NotifyMicro.EnvioEmail", "Poc.NotifyMicro.EnvioEmail\Poc.NotifyMicro.EnvioEmail.csproj", "{2E2AC763-9273-4B2D-A3B9-82715E3653AB}"
EndProject
Project("{FAE04EC0-301F-11D3-BF4B-00C04F79EFBC}") = "Poc.NotifyMicro.EnvioSms", "Poc.NotifyMicro.EnvioSms\Poc.NotifyMicro.EnvioSms.csproj", "{3D6E7FD3-B486-42D7-8B58-643059E48525}"
EndProject
Project("{2150E333-8FDC-42A3-9474-1A3956D46DE8}") = "Client", "Client", "{7D3327DB-5752-4548-8E54-F7992A0AF182}"
EndProject
Project("{2150E333-8FDC-42A3-9474-1A3956D46DE8}") = "MicroServices", "MicroServices", "{612D7735-8CFB-477F-9080-F2C9730BB12E}"
EndProject
Project("{FAE04EC0-301F-11D3-BF4B-00C04F79EFBC}") = "Poc.NotifyMicro.Service", "Poc.NotifyMicro.Service\Poc.NotifyMicro.Service.csproj", "{2D088D18-789B-4EEB-BFE0-5BF795846A51}"
EndProject
Project("{2150E333-8FDC-42A3-9474-1A3956D46DE8}") = "3.1 - Data", "3.1 - Data", "{F6348B70-9F87-4C20-83BA-37AAFE5EB238}"
EndProject
Project("{2150E333-8FDC-42A3-9474-1A3956D46DE8}") = "3.2 - CrossCutting", "3.2 - CrossCutting", "{D97155E3-762F-47EC-9A90-7257046BEC44}"
EndProject
Project("{FAE04EC0-301F-11D3-BF4B-00C04F79EFBC}") = "Poc.NotifyMicro.Redis", "Poc.NotifyMicro.Redis\Poc.NotifyMicro.Redis.csproj", "{F39911A6-F90E-42D1-822E-13F3DD1918F9}"
EndProject
Project("{FAE04EC0-301F-11D3-BF4B-00C04F79EFBC}") = "Poc.NotifyMicro.Domain", "Poc.NotifyMicroDomain\Poc.NotifyMicro.Domain.csproj", "{DB0C809F-166C-4EA8-BF29-C5CAEA418648}"
EndProject
Project("{FAE04EC0-301F-11D3-BF4B-00C04F79EFBC}") = "Poc.NotifyMicro.RabbitMq", "Poc.NotifyMicro.RabbitMq\Poc.NotifyMicro.RabbitMq.csproj", "{D0D97446-153A-4BF3-83C2-A1C27E166C06}"
EndProject
Global
	GlobalSection(SolutionConfigurationPlatforms) = preSolution
		Debug|Any CPU = Debug|Any CPU
		Release|Any CPU = Release|Any CPU
	EndGlobalSection
	GlobalSection(ProjectConfigurationPlatforms) = postSolution
		{00CC8386-72F3-4ECC-9F01-6C6CA3E3A798}.Debug|Any CPU.ActiveCfg = Debug|Any CPU
		{00CC8386-72F3-4ECC-9F01-6C6CA3E3A798}.Debug|Any CPU.Build.0 = Debug|Any CPU
		{00CC8386-72F3-4ECC-9F01-6C6CA3E3A798}.Release|Any CPU.ActiveCfg = Release|Any CPU
		{00CC8386-72F3-4ECC-9F01-6C6CA3E3A798}.Release|Any CPU.Build.0 = Release|Any CPU
		{594455E9-037C-4E95-8BBD-5FC76097899E}.Debug|Any CPU.ActiveCfg = Debug|Any CPU
		{594455E9-037C-4E95-8BBD-5FC76097899E}.Debug|Any CPU.Build.0 = Debug|Any CPU
		{594455E9-037C-4E95-8BBD-5FC76097899E}.Release|Any CPU.ActiveCfg = Release|Any CPU
		{594455E9-037C-4E95-8BBD-5FC76097899E}.Release|Any CPU.Build.0 = Release|Any CPU
		{2E2AC763-9273-4B2D-A3B9-82715E3653AB}.Debug|Any CPU.ActiveCfg = Debug|Any CPU
		{2E2AC763-9273-4B2D-A3B9-82715E3653AB}.Debug|Any CPU.Build.0 = Debug|Any CPU
		{2E2AC763-9273-4B2D-A3B9-82715E3653AB}.Release|Any CPU.ActiveCfg = Release|Any CPU
		{2E2AC763-9273-4B2D-A3B9-82715E3653AB}.Release|Any CPU.Build.0 = Release|Any CPU
		{3D6E7FD3-B486-42D7-8B58-643059E48525}.Debug|Any CPU.ActiveCfg = Debug|Any CPU
		{3D6E7FD3-B486-42D7-8B58-643059E48525}.Debug|Any CPU.Build.0 = Debug|Any CPU
		{3D6E7FD3-B486-42D7-8B58-643059E48525}.Release|Any CPU.ActiveCfg = Release|Any CPU
		{3D6E7FD3-B486-42D7-8B58-643059E48525}.Release|Any CPU.Build.0 = Release|Any CPU
		{2D088D18-789B-4EEB-BFE0-5BF795846A51}.Debug|Any CPU.ActiveCfg = Debug|Any CPU
		{2D088D18-789B-4EEB-BFE0-5BF795846A51}.Debug|Any CPU.Build.0 = Debug|Any CPU
		{2D088D18-789B-4EEB-BFE0-5BF795846A51}.Release|Any CPU.ActiveCfg = Release|Any CPU
		{2D088D18-789B-4EEB-BFE0-5BF795846A51}.Release|Any CPU.Build.0 = Release|Any CPU
		{F39911A6-F90E-42D1-822E-13F3DD1918F9}.Debug|Any CPU.ActiveCfg = Debug|Any CPU
		{F39911A6-F90E-42D1-822E-13F3DD1918F9}.Debug|Any CPU.Build.0 = Debug|Any CPU
		{F39911A6-F90E-42D1-822E-13F3DD1918F9}.Release|Any CPU.ActiveCfg = Release|Any CPU
		{F39911A6-F90E-42D1-822E-13F3DD1918F9}.Release|Any CPU.Build.0 = Release|Any CPU
		{DB0C809F-166C-4EA8-BF29-C5CAEA418648}.Debug|Any CPU.ActiveCfg = Debug|Any CPU
		{DB0C809F-166C-4EA8-BF29-C5CAEA418648}.Debug|Any CPU.Build.0 = Debug|Any CPU
		{DB0C809F-166C-4EA8-BF29-C5CAEA418648}.Release|Any CPU.ActiveCfg = Release|Any CPU
		{DB0C809F-166C-4EA8-BF29-C5CAEA418648}.Release|Any CPU.Build.0 = Release|Any CPU
		{D0D97446-153A-4BF3-83C2-A1C27E166C06}.Debug|Any CPU.ActiveCfg = Debug|Any CPU
		{D0D97446-153A-4BF3-83C2-A1C27E166C06}.Debug|Any CPU.Build.0 = Debug|Any CPU
		{D0D97446-153A-4BF3-83C2-A1C27E166C06}.Release|Any CPU.ActiveCfg = Release|Any CPU
		{D0D97446-153A-4BF3-83C2-A1C27E166C06}.Release|Any CPU.Build.0 = Release|Any CPU
	EndGlobalSection
	GlobalSection(SolutionProperties) = preSolution
		HideSolutionNode = FALSE
	EndGlobalSection
	GlobalSection(NestedProjects) = preSolution
		{00CC8386-72F3-4ECC-9F01-6C6CA3E3A798} = {7D3327DB-5752-4548-8E54-F7992A0AF182}
		{594455E9-037C-4E95-8BBD-5FC76097899E} = {612D7735-8CFB-477F-9080-F2C9730BB12E}
		{2E2AC763-9273-4B2D-A3B9-82715E3653AB} = {612D7735-8CFB-477F-9080-F2C9730BB12E}
		{3D6E7FD3-B486-42D7-8B58-643059E48525} = {612D7735-8CFB-477F-9080-F2C9730BB12E}
		{7D3327DB-5752-4548-8E54-F7992A0AF182} = {8013C645-1F9E-43EC-8F53-3477BCB95B02}
		{612D7735-8CFB-477F-9080-F2C9730BB12E} = {8013C645-1F9E-43EC-8F53-3477BCB95B02}
		{2D088D18-789B-4EEB-BFE0-5BF795846A51} = {A1AEEE94-F672-44F4-8F58-E820A0805D50}
		{F6348B70-9F87-4C20-83BA-37AAFE5EB238} = {FB8B8703-2A46-4136-9D05-68A31FEA04DC}
		{D97155E3-762F-47EC-9A90-7257046BEC44} = {FB8B8703-2A46-4136-9D05-68A31FEA04DC}
		{F39911A6-F90E-42D1-822E-13F3DD1918F9} = {F6348B70-9F87-4C20-83BA-37AAFE5EB238}
		{DB0C809F-166C-4EA8-BF29-C5CAEA418648} = {78D78376-D9F7-4137-B032-0AD28E2F7283}
		{D0D97446-153A-4BF3-83C2-A1C27E166C06} = {986D4289-1EAF-4F5F-802A-252698E20723}
	EndGlobalSection
	GlobalSection(ExtensibilityGlobals) = postSolution
		SolutionGuid = {0AD2316E-96D3-42AE-98C4-3481FB8E459B}
	EndGlobalSection
EndGlobal
